
Microsoft Visual Studio Solution File, Format Version 12.00
# Visual Studio 15
VisualStudioVersion = 15.0.27130.2027
MinimumVisualStudioVersion = 10.0.40219.1
Project("{FAE04EC0-301F-11D3-BF4B-00C04F79EFBC}") = "PatientCase0", "PatientCase\PatientCase0.csproj", "{4F04A0CD-61E8-49E4-8DDE-FFA0007B3063}"
EndProject
Project("{FAE04EC0-301F-11D3-BF4B-00C04F79EFBC}") = "PatientCaseApplication", "PatientCaseApplication\PatientCaseApplication.csproj", "{8E8C5081-B191-47D3-9A92-C0AE91A4852C}"
EndProject
Global
	GlobalSection(SolutionConfigurationPlatforms) = preSolution
		Debug|Any CPU = Debug|Any CPU
		Debug|x64 = Debug|x64
		Release|Any CPU = Release|Any CPU
		Release|x64 = Release|x64
	EndGlobalSection
	GlobalSection(ProjectConfigurationPlatforms) = postSolution
		{4F04A0CD-61E8-49E4-8DDE-FFA0007B3063}.Debug|Any CPU.ActiveCfg = Debug|Any CPU
		{4F04A0CD-61E8-49E4-8DDE-FFA0007B3063}.Debug|Any CPU.Build.0 = Debug|Any CPU
		{4F04A0CD-61E8-49E4-8DDE-FFA0007B3063}.Debug|x64.ActiveCfg = Debug|Any CPU
		{4F04A0CD-61E8-49E4-8DDE-FFA0007B3063}.Debug|x64.Build.0 = Debug|Any CPU
		{4F04A0CD-61E8-49E4-8DDE-FFA0007B3063}.Release|Any CPU.ActiveCfg = Release|Any CPU
		{4F04A0CD-61E8-49E4-8DDE-FFA0007B3063}.Release|Any CPU.Build.0 = Release|Any CPU
		{4F04A0CD-61E8-49E4-8DDE-FFA0007B3063}.Release|x64.ActiveCfg = Release|Any CPU
		{4F04A0CD-61E8-49E4-8DDE-FFA0007B3063}.Release|x64.Build.0 = Release|Any CPU
		{8E8C5081-B191-47D3-9A92-C0AE91A4852C}.Debug|Any CPU.ActiveCfg = Debug|x64
		{8E8C5081-B191-47D3-9A92-C0AE91A4852C}.Debug|Any CPU.Build.0 = Debug|x64
		{8E8C5081-B191-47D3-9A92-C0AE91A4852C}.Debug|x64.ActiveCfg = Debug|x64
		{8E8C5081-B191-47D3-9A92-C0AE91A4852C}.Debug|x64.Build.0 = Debug|x64
		{8E8C5081-B191-47D3-9A92-C0AE91A4852C}.Release|Any CPU.ActiveCfg = Release|x64
		{8E8C5081-B191-47D3-9A92-C0AE91A4852C}.Release|x64.ActiveCfg = Release|x64
		{8E8C5081-B191-47D3-9A92-C0AE91A4852C}.Release|x64.Build.0 = Release|x64
	EndGlobalSection
	GlobalSection(SolutionProperties) = preSolution
		HideSolutionNode = FALSE
	EndGlobalSection
	GlobalSection(ExtensibilityGlobals) = postSolution
		SolutionGuid = {ABDFF4E2-06C0-4967-A4BC-2675A6C8AB57}
	EndGlobalSection
EndGlobal
